// !$*UTF8*$!
{
	archiveVersion = 1;
	classes = {
	};
	objectVersion = 46;
	objects = {

/* Begin PBXBuildFile section */
		AE41CE7C19E52F9400C690DE /* Experiment.cpp in Sources */ = {isa = PBXBuildFile; fileRef = AEB4F6B719D8C0670099EC55 /* Experiment.cpp */; };
		AE41CE7F19E5341000C690DE /* SensorDefinitionReader.cpp in Sources */ = {isa = PBXBuildFile; fileRef = AE41CE7D19E5341000C690DE /* SensorDefinitionReader.cpp */; };
		AE41CE9919E5343C00C690DE /* obdserial.cpp in Sources */ = {isa = PBXBuildFile; fileRef = AE41CE8A19E5343C00C690DE /* obdserial.cpp */; };
		AE41CEA019E5358C00C690DE /* port_config.conf in CopyFiles */ = {isa = PBXBuildFile; fileRef = AE41CE9E19E5357800C690DE /* port_config.conf */; };
		AE41CEA119E5358C00C690DE /* sensor_definitions.conf in CopyFiles */ = {isa = PBXBuildFile; fileRef = AE41CE9F19E5357800C690DE /* sensor_definitions.conf */; };
		AEB4F6EB19D8C0670099EC55 /* ClientCallbackImpl.cpp in Sources */ = {isa = PBXBuildFile; fileRef = AEB4F6AF19D8C0670099EC55 /* ClientCallbackImpl.cpp */; };
		AEB4F6EC19D8C0670099EC55 /* ClientConnection.cpp in Sources */ = {isa = PBXBuildFile; fileRef = AEB4F6B119D8C0670099EC55 /* ClientConnection.cpp */; };
		AEB4F6ED19D8C0670099EC55 /* CommunicationServer.cpp in Sources */ = {isa = PBXBuildFile; fileRef = AEB4F6B319D8C0670099EC55 /* CommunicationServer.cpp */; };
		AEB4F6EE19D8C0670099EC55 /* DataLogger.cpp in Sources */ = {isa = PBXBuildFile; fileRef = AEB4F6B519D8C0670099EC55 /* DataLogger.cpp */; };
		AEB4F6F119D8C0670099EC55 /* Main.cpp in Sources */ = {isa = PBXBuildFile; fileRef = AEB4F6BA19D8C0670099EC55 /* Main.cpp */; };
		AEB4F6F219D8C0670099EC55 /* ModificationCallbackImpl.cpp in Sources */ = {isa = PBXBuildFile; fileRef = AEB4F6BB19D8C0670099EC55 /* ModificationCallbackImpl.cpp */; };
		AEB4F6F319D8C0670099EC55 /* Project.cpp in Sources */ = {isa = PBXBuildFile; fileRef = AEB4F6BD19D8C0670099EC55 /* Project.cpp */; };
		AEB4F6F419D8C0670099EC55 /* ProjectHandler.cpp in Sources */ = {isa = PBXBuildFile; fileRef = AEB4F6BF19D8C0670099EC55 /* ProjectHandler.cpp */; };
		AEB4F6F619D8C0670099EC55 /* AbstractSensor.cpp in Sources */ = {isa = PBXBuildFile; fileRef = AEB4F6C619D8C0670099EC55 /* AbstractSensor.cpp */; };
		AEB4F6FD19D8C0670099EC55 /* SerialPortLib.cpp in Sources */ = {isa = PBXBuildFile; fileRef = AEB4F6D419D8C0670099EC55 /* SerialPortLib.cpp */; };
		AEB4F6FE19D8C0670099EC55 /* VirtualSensor.cpp in Sources */ = {isa = PBXBuildFile; fileRef = AEB4F6D619D8C0670099EC55 /* VirtualSensor.cpp */; };
		AEB4F70019D8C0670099EC55 /* AbstractService.cpp in Sources */ = {isa = PBXBuildFile; fileRef = AEB4F6DB19D8C0670099EC55 /* AbstractService.cpp */; };
		AEB4F70119D8C0670099EC55 /* CommunicationServerService.cpp in Sources */ = {isa = PBXBuildFile; fileRef = AEB4F6DD19D8C0670099EC55 /* CommunicationServerService.cpp */; };
		AEB4F70219D8C0670099EC55 /* KeyboardInputService.cpp in Sources */ = {isa = PBXBuildFile; fileRef = AEB4F6DF19D8C0670099EC55 /* KeyboardInputService.cpp */; };
		AEB4F70319D8C0670099EC55 /* ProtobufFileOutputService.cpp in Sources */ = {isa = PBXBuildFile; fileRef = AEB4F6E219D8C0670099EC55 /* ProtobufFileOutputService.cpp */; };
		AEB4F70419D8C0670099EC55 /* ProtobufTcpOutputService.cpp in Sources */ = {isa = PBXBuildFile; fileRef = AEB4F6E419D8C0670099EC55 /* ProtobufTcpOutputService.cpp */; };
		AEB4F70519D8C0670099EC55 /* TextFileOutputService.cpp in Sources */ = {isa = PBXBuildFile; fileRef = AEB4F6E619D8C0670099EC55 /* TextFileOutputService.cpp */; };
		AEB4F70619D8C0670099EC55 /* StatusObserver.cpp in Sources */ = {isa = PBXBuildFile; fileRef = AEB4F6E819D8C0670099EC55 /* StatusObserver.cpp */; };
		AEB4F70A19D8C2C80099EC55 /* protocol.pb.cc in Sources */ = {isa = PBXBuildFile; fileRef = AEB4F70719D8C2C80099EC55 /* protocol.pb.cc */; };
		AEBF000019F4535E00A1260F /* ChooseAttributesViewController.mm in Sources */ = {isa = PBXBuildFile; fileRef = AEBFFFD219F4535E00A1260F /* ChooseAttributesViewController.mm */; };
		AEBF000119F4535E00A1260F /* CircularDataArray.m in Sources */ = {isa = PBXBuildFile; fileRef = AEBFFFD419F4535E00A1260F /* CircularDataArray.m */; };
		AEBF000219F4535E00A1260F /* CommunicationCentral.mm in Sources */ = {isa = PBXBuildFile; fileRef = AEBFFFD619F4535E00A1260F /* CommunicationCentral.mm */; };
		AEBF000319F4535E00A1260F /* ConnectionClient.mm in Sources */ = {isa = PBXBuildFile; fileRef = AEBFFFD919F4535E00A1260F /* ConnectionClient.mm */; };
		AEBF000419F4535E00A1260F /* CreateProjectViewController.m in Sources */ = {isa = PBXBuildFile; fileRef = AEBFFFDB19F4535E00A1260F /* CreateProjectViewController.m */; };
		AEBF000519F4535E00A1260F /* DataPoint.m in Sources */ = {isa = PBXBuildFile; fileRef = AEBFFFDD19F4535E00A1260F /* DataPoint.m */; };
		AEBF000619F4535E00A1260F /* DynamicEventsViewController.mm in Sources */ = {isa = PBXBuildFile; fileRef = AEBFFFDF19F4535E00A1260F /* DynamicEventsViewController.mm */; };
		AEBF000719F4535E00A1260F /* GCDAsyncSocket.m in Sources */ = {isa = PBXBuildFile; fileRef = AEBFFFE119F4535E00A1260F /* GCDAsyncSocket.m */; };
		AEBF000819F4535E00A1260F /* GraphPlotterViewController.m in Sources */ = {isa = PBXBuildFile; fileRef = AEBFFFE319F4535E00A1260F /* GraphPlotterViewController.m */; };
		AEBF000919F4535E00A1260F /* Images.xcassets in Resources */ = {isa = PBXBuildFile; fileRef = AEBFFFE419F4535E00A1260F /* Images.xcassets */; };
		AEBF000A19F4535E00A1260F /* Info.plist in Resources */ = {isa = PBXBuildFile; fileRef = AEBFFFE519F4535E00A1260F /* Info.plist */; };
		AEBF000B19F4535E00A1260F /* LaunchScreen.xib in Resources */ = {isa = PBXBuildFile; fileRef = AEBFFFE619F4535E00A1260F /* LaunchScreen.xib */; };
		AEBF000C19F4535E00A1260F /* main.m in Sources */ = {isa = PBXBuildFile; fileRef = AEBFFFE719F4535E00A1260F /* main.m */; };
		AEBF000D19F4535E00A1260F /* Main.storyboard in Resources */ = {isa = PBXBuildFile; fileRef = AEBFFFE819F4535E00A1260F /* Main.storyboard */; };
		AEBF000E19F4535E00A1260F /* OldCircularDataArray.m in Sources */ = {isa = PBXBuildFile; fileRef = AEBFFFEA19F4535E00A1260F /* OldCircularDataArray.m */; };
		AEBF000F19F4535E00A1260F /* PlotPageViewController.mm in Sources */ = {isa = PBXBuildFile; fileRef = AEBFFFEC19F4535E00A1260F /* PlotPageViewController.mm */; };
		AEBF001019F4535E00A1260F /* PlotViewController.mm in Sources */ = {isa = PBXBuildFile; fileRef = AEBFFFEE19F4535E00A1260F /* PlotViewController.mm */; };
		AEBF001119F4535E00A1260F /* ProjectTabViewController.mm in Sources */ = {isa = PBXBuildFile; fileRef = AEBFFFF019F4535E00A1260F /* ProjectTabViewController.mm */; };
		AEBF001219F4535E00A1260F /* RealTimeGraphView.m in Sources */ = {isa = PBXBuildFile; fileRef = AEBFFFF219F4535E00A1260F /* RealTimeGraphView.m */; };
		AEBF001319F4535E00A1260F /* SensorConfiguration.m in Sources */ = {isa = PBXBuildFile; fileRef = AEBFFFF519F4535E00A1260F /* SensorConfiguration.m */; };
		AEBF001419F4535E00A1260F /* SensorsViewController.mm in Sources */ = {isa = PBXBuildFile; fileRef = AEBFFFF719F4535E00A1260F /* SensorsViewController.mm */; };
		AEBF001519F4535E00A1260F /* ShowProjectsTableViewController.mm in Sources */ = {isa = PBXBuildFile; fileRef = AEBFFFF919F4535E00A1260F /* ShowProjectsTableViewController.mm */; };
		AEBF001619F4535E00A1260F /* ShowSensorInformationViewController.mm in Sources */ = {isa = PBXBuildFile; fileRef = AEBFFFFB19F4535E00A1260F /* ShowSensorInformationViewController.mm */; };
		AEBF001819F4539600A1260F /* libprotobuf.a in Frameworks */ = {isa = PBXBuildFile; fileRef = AEBF001719F4539600A1260F /* libprotobuf.a */; };
		AEBF001919F453AD00A1260F /* protocol.pb.cc in Sources */ = {isa = PBXBuildFile; fileRef = AEB4F70719D8C2C80099EC55 /* protocol.pb.cc */; };
		AEBFFFFC19F4535E00A1260F /* AddPlotViewController.mm in Sources */ = {isa = PBXBuildFile; fileRef = AEBFFFCA19F4535E00A1260F /* AddPlotViewController.mm */; };
		AEBFFFFD19F4535E00A1260F /* AppDelegate.m in Sources */ = {isa = PBXBuildFile; fileRef = AEBFFFCC19F4535E00A1260F /* AppDelegate.m */; };
		AEBFFFFE19F4535E00A1260F /* AxisLimits.m in Sources */ = {isa = PBXBuildFile; fileRef = AEBFFFCE19F4535E00A1260F /* AxisLimits.m */; };
		AEBFFFFF19F4535E00A1260F /* CDMiniClientViewController.mm in Sources */ = {isa = PBXBuildFile; fileRef = AEBFFFD019F4535E00A1260F /* CDMiniClientViewController.mm */; };
		AEE2704F19DDB88800D0950A /* libprotobuf.8.dylib in Frameworks */ = {isa = PBXBuildFile; fileRef = AEE2704E19DDB88800D0950A /* libprotobuf.8.dylib */; };
		AEE2705319DDB90A00D0950A /* libboost_filesystem.dylib in Frameworks */ = {isa = PBXBuildFile; fileRef = AEE2705019DDB90A00D0950A /* libboost_filesystem.dylib */; };
		AEE2705419DDB90A00D0950A /* libboost_system.dylib in Frameworks */ = {isa = PBXBuildFile; fileRef = AEE2705119DDB90A00D0950A /* libboost_system.dylib */; };
		AEE2705519DDB90A00D0950A /* libboost_thread.dylib in Frameworks */ = {isa = PBXBuildFile; fileRef = AEE2705219DDB90A00D0950A /* libboost_thread.dylib */; };
/* End PBXBuildFile section */

/* Begin PBXCopyFilesBuildPhase section */
		AE9270B119D8C00A00169D81 /* CopyFiles */ = {
			isa = PBXCopyFilesBuildPhase;
			buildActionMask = 12;
			dstPath = "";
			dstSubfolderSpec = 16;
			files = (
				AE41CEA019E5358C00C690DE /* port_config.conf in CopyFiles */,
				AE41CEA119E5358C00C690DE /* sensor_definitions.conf in CopyFiles */,
			);
			runOnlyForDeploymentPostprocessing = 0;
		};
/* End PBXCopyFilesBuildPhase section */

/* Begin PBXFileReference section */
		AE41CE7D19E5341000C690DE /* SensorDefinitionReader.cpp */ = {isa = PBXFileReference; fileEncoding = 4; lastKnownFileType = sourcecode.cpp.cpp; path = SensorDefinitionReader.cpp; sourceTree = "<group>"; };
		AE41CE7E19E5341000C690DE /* SensorDefinitionReader.h */ = {isa = PBXFileReference; fileEncoding = 4; lastKnownFileType = sourcecode.c.h; path = SensorDefinitionReader.h; sourceTree = "<group>"; };
		AE41CE8219E5343C00C690DE /* obdconfig.h */ = {isa = PBXFileReference; fileEncoding = 4; lastKnownFileType = sourcecode.c.h; path = obdconfig.h; sourceTree = "<group>"; };
		AE41CE8319E5343C00C690DE /* obdconfigfile.cpp */ = {isa = PBXFileReference; fileEncoding = 4; lastKnownFileType = sourcecode.cpp.cpp; path = obdconfigfile.cpp; sourceTree = "<group>"; };
		AE41CE8419E5343C00C690DE /* obdconfigfile.h */ = {isa = PBXFileReference; fileEncoding = 4; lastKnownFileType = sourcecode.c.h; path = obdconfigfile.h; sourceTree = "<group>"; };
		AE41CE8519E5343C00C690DE /* obdconvertfunctions.cpp */ = {isa = PBXFileReference; fileEncoding = 4; lastKnownFileType = sourcecode.cpp.cpp; path = obdconvertfunctions.cpp; sourceTree = "<group>"; };
		AE41CE8619E5343C00C690DE /* obdconvertfunctions.h */ = {isa = PBXFileReference; fileEncoding = 4; lastKnownFileType = sourcecode.c.h; path = obdconvertfunctions.h; sourceTree = "<group>"; };
		AE41CE8719E5343C00C690DE /* OBDReader.cpp */ = {isa = PBXFileReference; fileEncoding = 4; lastKnownFileType = sourcecode.cpp.cpp; path = OBDReader.cpp; sourceTree = "<group>"; };
		AE41CE8819E5343C00C690DE /* OBDReader.h */ = {isa = PBXFileReference; fileEncoding = 4; lastKnownFileType = sourcecode.c.h; path = OBDReader.h; sourceTree = "<group>"; };
		AE41CE8919E5343C00C690DE /* obdrevconvertfunctions.cpp */ = {isa = PBXFileReference; fileEncoding = 4; lastKnownFileType = sourcecode.cpp.cpp; path = obdrevconvertfunctions.cpp; sourceTree = "<group>"; };
		AE41CE8A19E5343C00C690DE /* obdserial.cpp */ = {isa = PBXFileReference; fileEncoding = 4; lastKnownFileType = sourcecode.cpp.cpp; path = obdserial.cpp; sourceTree = "<group>"; };
		AE41CE8B19E5343C00C690DE /* obdserial.h */ = {isa = PBXFileReference; fileEncoding = 4; lastKnownFileType = sourcecode.c.h; path = obdserial.h; sourceTree = "<group>"; };
		AE41CE8C19E5343C00C690DE /* obdservicecommands.cpp */ = {isa = PBXFileReference; fileEncoding = 4; lastKnownFileType = sourcecode.cpp.cpp; path = obdservicecommands.cpp; sourceTree = "<group>"; };
		AE41CE8D19E5343C00C690DE /* obdservicecommands.h */ = {isa = PBXFileReference; fileEncoding = 4; lastKnownFileType = sourcecode.c.h; path = obdservicecommands.h; sourceTree = "<group>"; };
		AE41CE8E19E5343C00C690DE /* OBDtool.cpp */ = {isa = PBXFileReference; fileEncoding = 4; lastKnownFileType = sourcecode.cpp.cpp; path = OBDtool.cpp; sourceTree = "<group>"; };
		AE41CE8F19E5343C00C690DE /* ReadMe.txt */ = {isa = PBXFileReference; fileEncoding = 4; lastKnownFileType = text; path = ReadMe.txt; sourceTree = "<group>"; };
		AE41CE9019E5343C00C690DE /* supportedcommands.cpp */ = {isa = PBXFileReference; fileEncoding = 4; lastKnownFileType = sourcecode.cpp.cpp; path = supportedcommands.cpp; sourceTree = "<group>"; };
		AE41CE9119E5343C00C690DE /* supportedcommands.h */ = {isa = PBXFileReference; fileEncoding = 4; lastKnownFileType = sourcecode.c.h; path = supportedcommands.h; sourceTree = "<group>"; };
		AE41CE9219E5343C00C690DE /* ToDo-OBDII-Fixes.txt */ = {isa = PBXFileReference; fileEncoding = 4; lastKnownFileType = text; path = "ToDo-OBDII-Fixes.txt"; sourceTree = "<group>"; };
		AE41CE9319E5343C00C690DE /* OBDIIElmSensor.cpp */ = {isa = PBXFileReference; fileEncoding = 4; lastKnownFileType = sourcecode.cpp.cpp; path = OBDIIElmSensor.cpp; sourceTree = "<group>"; };
		AE41CE9419E5343C00C690DE /* OBDIIElmSensor.h */ = {isa = PBXFileReference; fileEncoding = 4; lastKnownFileType = sourcecode.c.h; path = OBDIIElmSensor.h; sourceTree = "<group>"; };
		AE41CE9E19E5357800C690DE /* port_config.conf */ = {isa = PBXFileReference; fileEncoding = 4; lastKnownFileType = text; name = port_config.conf; path = "../config-files/port_config.conf"; sourceTree = "<group>"; };
		AE41CE9F19E5357800C690DE /* sensor_definitions.conf */ = {isa = PBXFileReference; fileEncoding = 4; lastKnownFileType = text; name = sensor_definitions.conf; path = "../config-files/sensor_definitions.conf"; sourceTree = "<group>"; };
		AE9270B319D8C00A00169D81 /* yamsLog */ = {isa = PBXFileReference; explicitFileType = "compiled.mach-o.executable"; includeInIndex = 0; path = yamsLog; sourceTree = BUILT_PRODUCTS_DIR; };
		AEB4F6AF19D8C0670099EC55 /* ClientCallbackImpl.cpp */ = {isa = PBXFileReference; fileEncoding = 4; lastKnownFileType = sourcecode.cpp.cpp; path = ClientCallbackImpl.cpp; sourceTree = "<group>"; };
		AEB4F6B019D8C0670099EC55 /* ClientCallbackImpl.h */ = {isa = PBXFileReference; fileEncoding = 4; lastKnownFileType = sourcecode.c.h; path = ClientCallbackImpl.h; sourceTree = "<group>"; };
		AEB4F6B119D8C0670099EC55 /* ClientConnection.cpp */ = {isa = PBXFileReference; fileEncoding = 4; lastKnownFileType = sourcecode.cpp.cpp; path = ClientConnection.cpp; sourceTree = "<group>"; };
		AEB4F6B219D8C0670099EC55 /* ClientConnection.h */ = {isa = PBXFileReference; fileEncoding = 4; lastKnownFileType = sourcecode.c.h; path = ClientConnection.h; sourceTree = "<group>"; };
		AEB4F6B319D8C0670099EC55 /* CommunicationServer.cpp */ = {isa = PBXFileReference; fileEncoding = 4; lastKnownFileType = sourcecode.cpp.cpp; path = CommunicationServer.cpp; sourceTree = "<group>"; };
		AEB4F6B419D8C0670099EC55 /* CommunicationServer.h */ = {isa = PBXFileReference; fileEncoding = 4; lastKnownFileType = sourcecode.c.h; path = CommunicationServer.h; sourceTree = "<group>"; };
		AEB4F6B519D8C0670099EC55 /* DataLogger.cpp */ = {isa = PBXFileReference; fileEncoding = 4; lastKnownFileType = sourcecode.cpp.cpp; path = DataLogger.cpp; sourceTree = "<group>"; };
		AEB4F6B619D8C0670099EC55 /* DataLogger.h */ = {isa = PBXFileReference; fileEncoding = 4; lastKnownFileType = sourcecode.c.h; path = DataLogger.h; sourceTree = "<group>"; };
		AEB4F6B719D8C0670099EC55 /* Experiment.cpp */ = {isa = PBXFileReference; fileEncoding = 4; lastKnownFileType = sourcecode.cpp.cpp; path = Experiment.cpp; sourceTree = "<group>"; };
		AEB4F6B819D8C0670099EC55 /* Experiment.h */ = {isa = PBXFileReference; fileEncoding = 4; lastKnownFileType = sourcecode.c.h; path = Experiment.h; sourceTree = "<group>"; };
		AEB4F6B919D8C0670099EC55 /* FileSysTest.cpp */ = {isa = PBXFileReference; fileEncoding = 4; lastKnownFileType = sourcecode.cpp.cpp; path = FileSysTest.cpp; sourceTree = "<group>"; };
		AEB4F6BA19D8C0670099EC55 /* Main.cpp */ = {isa = PBXFileReference; fileEncoding = 4; lastKnownFileType = sourcecode.cpp.cpp; path = Main.cpp; sourceTree = "<group>"; };
		AEB4F6BB19D8C0670099EC55 /* ModificationCallbackImpl.cpp */ = {isa = PBXFileReference; fileEncoding = 4; lastKnownFileType = sourcecode.cpp.cpp; path = ModificationCallbackImpl.cpp; sourceTree = "<group>"; };
		AEB4F6BC19D8C0670099EC55 /* ModificationCallbackImpl.h */ = {isa = PBXFileReference; fileEncoding = 4; lastKnownFileType = sourcecode.c.h; path = ModificationCallbackImpl.h; sourceTree = "<group>"; };
		AEB4F6BD19D8C0670099EC55 /* Project.cpp */ = {isa = PBXFileReference; fileEncoding = 4; lastKnownFileType = sourcecode.cpp.cpp; path = Project.cpp; sourceTree = "<group>"; };
		AEB4F6BE19D8C0670099EC55 /* Project.h */ = {isa = PBXFileReference; fileEncoding = 4; lastKnownFileType = sourcecode.c.h; path = Project.h; sourceTree = "<group>"; };
		AEB4F6BF19D8C0670099EC55 /* ProjectHandler.cpp */ = {isa = PBXFileReference; fileEncoding = 4; lastKnownFileType = sourcecode.cpp.cpp; path = ProjectHandler.cpp; sourceTree = "<group>"; };
		AEB4F6C019D8C0670099EC55 /* ProjectHandler.h */ = {isa = PBXFileReference; fileEncoding = 4; lastKnownFileType = sourcecode.c.h; path = ProjectHandler.h; sourceTree = "<group>"; };
		AEB4F6C119D8C0670099EC55 /* ProjectHandlerConstants.h */ = {isa = PBXFileReference; fileEncoding = 4; lastKnownFileType = sourcecode.c.h; path = ProjectHandlerConstants.h; sourceTree = "<group>"; };
		AEB4F6C219D8C0670099EC55 /* ProjectHandlerErrorCodes.h */ = {isa = PBXFileReference; fileEncoding = 4; lastKnownFileType = sourcecode.c.h; path = ProjectHandlerErrorCodes.h; sourceTree = "<group>"; };
		AEB4F6C619D8C0670099EC55 /* AbstractSensor.cpp */ = {isa = PBXFileReference; fileEncoding = 4; lastKnownFileType = sourcecode.cpp.cpp; path = AbstractSensor.cpp; sourceTree = "<group>"; };
		AEB4F6C719D8C0670099EC55 /* AbstractSensor.h */ = {isa = PBXFileReference; fileEncoding = 4; lastKnownFileType = sourcecode.c.h; path = AbstractSensor.h; sourceTree = "<group>"; };
		AEB4F6C819D8C0670099EC55 /* CAN.cpp */ = {isa = PBXFileReference; fileEncoding = 4; lastKnownFileType = sourcecode.cpp.cpp; path = CAN.cpp; sourceTree = "<group>"; };
		AEB4F6C919D8C0670099EC55 /* CAN.h */ = {isa = PBXFileReference; fileEncoding = 4; lastKnownFileType = sourcecode.c.h; path = CAN.h; sourceTree = "<group>"; };
		AEB4F6CA19D8C0670099EC55 /* CanSensor.cpp */ = {isa = PBXFileReference; fileEncoding = 4; lastKnownFileType = sourcecode.cpp.cpp; path = CanSensor.cpp; sourceTree = "<group>"; };
		AEB4F6CB19D8C0670099EC55 /* CanSensor.h */ = {isa = PBXFileReference; fileEncoding = 4; lastKnownFileType = sourcecode.c.h; path = CanSensor.h; sourceTree = "<group>"; };
		AEB4F6CC19D8C0670099EC55 /* CorrsysSensor.cpp */ = {isa = PBXFileReference; fileEncoding = 4; lastKnownFileType = sourcecode.cpp.cpp; path = CorrsysSensor.cpp; sourceTree = "<group>"; };
		AEB4F6CD19D8C0670099EC55 /* CorrsysSensor.h */ = {isa = PBXFileReference; fileEncoding = 4; lastKnownFileType = sourcecode.c.h; path = CorrsysSensor.h; sourceTree = "<group>"; };
		AEB4F6CE19D8C0670099EC55 /* GpsSensor.cpp */ = {isa = PBXFileReference; fileEncoding = 4; lastKnownFileType = sourcecode.cpp.cpp; path = GpsSensor.cpp; sourceTree = "<group>"; };
		AEB4F6CF19D8C0670099EC55 /* GpsSensor.h */ = {isa = PBXFileReference; fileEncoding = 4; lastKnownFileType = sourcecode.c.h; path = GpsSensor.h; sourceTree = "<group>"; };
		AEB4F6D019D8C0670099EC55 /* ImuSensor.cpp */ = {isa = PBXFileReference; fileEncoding = 4; lastKnownFileType = sourcecode.cpp.cpp; path = ImuSensor.cpp; sourceTree = "<group>"; };
		AEB4F6D119D8C0670099EC55 /* ImuSensor.h */ = {isa = PBXFileReference; fileEncoding = 4; lastKnownFileType = sourcecode.c.h; path = ImuSensor.h; sourceTree = "<group>"; };
		AEB4F6D219D8C0670099EC55 /* MTComm.cpp */ = {isa = PBXFileReference; fileEncoding = 4; lastKnownFileType = sourcecode.cpp.cpp; path = MTComm.cpp; sourceTree = "<group>"; };
		AEB4F6D319D8C0670099EC55 /* MTComm.h */ = {isa = PBXFileReference; fileEncoding = 4; lastKnownFileType = sourcecode.c.h; path = MTComm.h; sourceTree = "<group>"; };
		AEB4F6D419D8C0670099EC55 /* SerialPortLib.cpp */ = {isa = PBXFileReference; fileEncoding = 4; lastKnownFileType = sourcecode.cpp.cpp; path = SerialPortLib.cpp; sourceTree = "<group>"; };
		AEB4F6D519D8C0670099EC55 /* SerialPortLib.h */ = {isa = PBXFileReference; fileEncoding = 4; lastKnownFileType = sourcecode.c.h; path = SerialPortLib.h; sourceTree = "<group>"; };
		AEB4F6D619D8C0670099EC55 /* VirtualSensor.cpp */ = {isa = PBXFileReference; fileEncoding = 4; lastKnownFileType = sourcecode.cpp.cpp; path = VirtualSensor.cpp; sourceTree = "<group>"; };
		AEB4F6D719D8C0670099EC55 /* VirtualSensor.h */ = {isa = PBXFileReference; fileEncoding = 4; lastKnownFileType = sourcecode.c.h; path = VirtualSensor.h; sourceTree = "<group>"; };
		AEB4F6D819D8C0670099EC55 /* XSensIMU.cpp */ = {isa = PBXFileReference; fileEncoding = 4; lastKnownFileType = sourcecode.cpp.cpp; path = XSensIMU.cpp; sourceTree = "<group>"; };
		AEB4F6D919D8C0670099EC55 /* XSensIMU.h */ = {isa = PBXFileReference; fileEncoding = 4; lastKnownFileType = sourcecode.c.h; path = XSensIMU.h; sourceTree = "<group>"; };
		AEB4F6DB19D8C0670099EC55 /* AbstractService.cpp */ = {isa = PBXFileReference; fileEncoding = 4; lastKnownFileType = sourcecode.cpp.cpp; path = AbstractService.cpp; sourceTree = "<group>"; };
		AEB4F6DC19D8C0670099EC55 /* AbstractService.h */ = {isa = PBXFileReference; fileEncoding = 4; lastKnownFileType = sourcecode.c.h; path = AbstractService.h; sourceTree = "<group>"; };
		AEB4F6DD19D8C0670099EC55 /* CommunicationServerService.cpp */ = {isa = PBXFileReference; fileEncoding = 4; lastKnownFileType = sourcecode.cpp.cpp; path = CommunicationServerService.cpp; sourceTree = "<group>"; };
		AEB4F6DE19D8C0670099EC55 /* CommunicationServerService.h */ = {isa = PBXFileReference; fileEncoding = 4; lastKnownFileType = sourcecode.c.h; path = CommunicationServerService.h; sourceTree = "<group>"; };
		AEB4F6DF19D8C0670099EC55 /* KeyboardInputService.cpp */ = {isa = PBXFileReference; fileEncoding = 4; lastKnownFileType = sourcecode.cpp.cpp; path = KeyboardInputService.cpp; sourceTree = "<group>"; };
		AEB4F6E019D8C0670099EC55 /* KeyboardInputService.h */ = {isa = PBXFileReference; fileEncoding = 4; lastKnownFileType = sourcecode.c.h; path = KeyboardInputService.h; sourceTree = "<group>"; };
		AEB4F6E119D8C0670099EC55 /* OutputServiceConstants.h */ = {isa = PBXFileReference; fileEncoding = 4; lastKnownFileType = sourcecode.c.h; path = OutputServiceConstants.h; sourceTree = "<group>"; };
		AEB4F6E219D8C0670099EC55 /* ProtobufFileOutputService.cpp */ = {isa = PBXFileReference; fileEncoding = 4; lastKnownFileType = sourcecode.cpp.cpp; path = ProtobufFileOutputService.cpp; sourceTree = "<group>"; };
		AEB4F6E319D8C0670099EC55 /* ProtobufFileOutputService.h */ = {isa = PBXFileReference; fileEncoding = 4; lastKnownFileType = sourcecode.c.h; path = ProtobufFileOutputService.h; sourceTree = "<group>"; };
		AEB4F6E419D8C0670099EC55 /* ProtobufTcpOutputService.cpp */ = {isa = PBXFileReference; fileEncoding = 4; lastKnownFileType = sourcecode.cpp.cpp; path = ProtobufTcpOutputService.cpp; sourceTree = "<group>"; };
		AEB4F6E519D8C0670099EC55 /* ProtobufTcpOutputService.h */ = {isa = PBXFileReference; fileEncoding = 4; lastKnownFileType = sourcecode.c.h; path = ProtobufTcpOutputService.h; sourceTree = "<group>"; };
		AEB4F6E619D8C0670099EC55 /* TextFileOutputService.cpp */ = {isa = PBXFileReference; fileEncoding = 4; lastKnownFileType = sourcecode.cpp.cpp; path = TextFileOutputService.cpp; sourceTree = "<group>"; };
		AEB4F6E719D8C0670099EC55 /* TextFileOutputService.h */ = {isa = PBXFileReference; fileEncoding = 4; lastKnownFileType = sourcecode.c.h; path = TextFileOutputService.h; sourceTree = "<group>"; };
		AEB4F6E819D8C0670099EC55 /* StatusObserver.cpp */ = {isa = PBXFileReference; fileEncoding = 4; lastKnownFileType = sourcecode.cpp.cpp; path = StatusObserver.cpp; sourceTree = "<group>"; };
		AEB4F6E919D8C0670099EC55 /* StatusObserver.h */ = {isa = PBXFileReference; fileEncoding = 4; lastKnownFileType = sourcecode.c.h; path = StatusObserver.h; sourceTree = "<group>"; };
		AEB4F6EA19D8C0670099EC55 /* ThreadSafeFifo.h */ = {isa = PBXFileReference; fileEncoding = 4; lastKnownFileType = sourcecode.c.h; path = ThreadSafeFifo.h; sourceTree = "<group>"; };
		AEB4F70719D8C2C80099EC55 /* protocol.pb.cc */ = {isa = PBXFileReference; fileEncoding = 4; lastKnownFileType = sourcecode.cpp.cpp; name = protocol.pb.cc; path = protobuf/gen/cpp/protocol.pb.cc; sourceTree = "<group>"; };
		AEB4F70819D8C2C80099EC55 /* protocol.pb.h */ = {isa = PBXFileReference; fileEncoding = 4; lastKnownFileType = sourcecode.c.h; name = protocol.pb.h; path = protobuf/gen/cpp/protocol.pb.h; sourceTree = "<group>"; };
		AEB4F70919D8C2C80099EC55 /* protocol.proto */ = {isa = PBXFileReference; fileEncoding = 4; lastKnownFileType = text; name = protocol.proto; path = protobuf/protocol.proto; sourceTree = "<group>"; };
		AEBF001719F4539600A1260F /* libprotobuf.a */ = {isa = PBXFileReference; lastKnownFileType = archive.ar; name = libprotobuf.a; path = ../../sw/protobuf/lib/iOS/libprotobuf.a; sourceTree = "<group>"; };
		AEBFFFA219F4514C00A1260F /* yamsClient.app */ = {isa = PBXFileReference; explicitFileType = wrapper.application; includeInIndex = 0; path = yamsClient.app; sourceTree = BUILT_PRODUCTS_DIR; };
		AEBFFFC919F4535E00A1260F /* AddPlotViewController.h */ = {isa = PBXFileReference; fileEncoding = 4; lastKnownFileType = sourcecode.c.h; path = AddPlotViewController.h; sourceTree = "<group>"; };
		AEBFFFCA19F4535E00A1260F /* AddPlotViewController.mm */ = {isa = PBXFileReference; fileEncoding = 4; lastKnownFileType = sourcecode.cpp.objcpp; path = AddPlotViewController.mm; sourceTree = "<group>"; };
		AEBFFFCB19F4535E00A1260F /* AppDelegate.h */ = {isa = PBXFileReference; fileEncoding = 4; lastKnownFileType = sourcecode.c.h; path = AppDelegate.h; sourceTree = "<group>"; };
		AEBFFFCC19F4535E00A1260F /* AppDelegate.m */ = {isa = PBXFileReference; fileEncoding = 4; lastKnownFileType = sourcecode.c.objc; path = AppDelegate.m; sourceTree = "<group>"; };
		AEBFFFCD19F4535E00A1260F /* AxisLimits.h */ = {isa = PBXFileReference; fileEncoding = 4; lastKnownFileType = sourcecode.c.h; path = AxisLimits.h; sourceTree = "<group>"; };
		AEBFFFCE19F4535E00A1260F /* AxisLimits.m */ = {isa = PBXFileReference; fileEncoding = 4; lastKnownFileType = sourcecode.c.objc; path = AxisLimits.m; sourceTree = "<group>"; };
		AEBFFFCF19F4535E00A1260F /* CDMiniClientViewController.h */ = {isa = PBXFileReference; fileEncoding = 4; lastKnownFileType = sourcecode.c.h; path = CDMiniClientViewController.h; sourceTree = "<group>"; };
		AEBFFFD019F4535E00A1260F /* CDMiniClientViewController.mm */ = {isa = PBXFileReference; fileEncoding = 4; lastKnownFileType = sourcecode.cpp.objcpp; path = CDMiniClientViewController.mm; sourceTree = "<group>"; };
		AEBFFFD119F4535E00A1260F /* ChooseAttributesViewController.h */ = {isa = PBXFileReference; fileEncoding = 4; lastKnownFileType = sourcecode.c.h; path = ChooseAttributesViewController.h; sourceTree = "<group>"; };
		AEBFFFD219F4535E00A1260F /* ChooseAttributesViewController.mm */ = {isa = PBXFileReference; fileEncoding = 4; lastKnownFileType = sourcecode.cpp.objcpp; path = ChooseAttributesViewController.mm; sourceTree = "<group>"; };
		AEBFFFD319F4535E00A1260F /* CircularDataArray.h */ = {isa = PBXFileReference; fileEncoding = 4; lastKnownFileType = sourcecode.c.h; path = CircularDataArray.h; sourceTree = "<group>"; };
		AEBFFFD419F4535E00A1260F /* CircularDataArray.m */ = {isa = PBXFileReference; fileEncoding = 4; lastKnownFileType = sourcecode.c.objc; path = CircularDataArray.m; sourceTree = "<group>"; };
		AEBFFFD519F4535E00A1260F /* CommunicationCentral.h */ = {isa = PBXFileReference; fileEncoding = 4; lastKnownFileType = sourcecode.c.h; path = CommunicationCentral.h; sourceTree = "<group>"; };
		AEBFFFD619F4535E00A1260F /* CommunicationCentral.mm */ = {isa = PBXFileReference; fileEncoding = 4; lastKnownFileType = sourcecode.cpp.objcpp; path = CommunicationCentral.mm; sourceTree = "<group>"; };
		AEBFFFD719F4535E00A1260F /* CommunicationCentralDelegate.h */ = {isa = PBXFileReference; fileEncoding = 4; lastKnownFileType = sourcecode.c.h; path = CommunicationCentralDelegate.h; sourceTree = "<group>"; };
		AEBFFFD819F4535E00A1260F /* ConnectionClient.h */ = {isa = PBXFileReference; fileEncoding = 4; lastKnownFileType = sourcecode.c.h; path = ConnectionClient.h; sourceTree = "<group>"; };
		AEBFFFD919F4535E00A1260F /* ConnectionClient.mm */ = {isa = PBXFileReference; fileEncoding = 4; lastKnownFileType = sourcecode.cpp.objcpp; path = ConnectionClient.mm; sourceTree = "<group>"; };
		AEBFFFDA19F4535E00A1260F /* CreateProjectViewController.h */ = {isa = PBXFileReference; fileEncoding = 4; lastKnownFileType = sourcecode.c.h; path = CreateProjectViewController.h; sourceTree = "<group>"; };
		AEBFFFDB19F4535E00A1260F /* CreateProjectViewController.m */ = {isa = PBXFileReference; fileEncoding = 4; lastKnownFileType = sourcecode.c.objc; path = CreateProjectViewController.m; sourceTree = "<group>"; };
		AEBFFFDC19F4535E00A1260F /* DataPoint.h */ = {isa = PBXFileReference; fileEncoding = 4; lastKnownFileType = sourcecode.c.h; path = DataPoint.h; sourceTree = "<group>"; };
		AEBFFFDD19F4535E00A1260F /* DataPoint.m */ = {isa = PBXFileReference; fileEncoding = 4; lastKnownFileType = sourcecode.c.objc; path = DataPoint.m; sourceTree = "<group>"; };
		AEBFFFDE19F4535E00A1260F /* DynamicEventsViewController.h */ = {isa = PBXFileReference; fileEncoding = 4; lastKnownFileType = sourcecode.c.h; path = DynamicEventsViewController.h; sourceTree = "<group>"; };
		AEBFFFDF19F4535E00A1260F /* DynamicEventsViewController.mm */ = {isa = PBXFileReference; fileEncoding = 4; lastKnownFileType = sourcecode.cpp.objcpp; path = DynamicEventsViewController.mm; sourceTree = "<group>"; };
		AEBFFFE019F4535E00A1260F /* GCDAsyncSocket.h */ = {isa = PBXFileReference; fileEncoding = 4; lastKnownFileType = sourcecode.c.h; path = GCDAsyncSocket.h; sourceTree = "<group>"; };
		AEBFFFE119F4535E00A1260F /* GCDAsyncSocket.m */ = {isa = PBXFileReference; fileEncoding = 4; lastKnownFileType = sourcecode.c.objc; path = GCDAsyncSocket.m; sourceTree = "<group>"; };
		AEBFFFE219F4535E00A1260F /* GraphPlotterViewController.h */ = {isa = PBXFileReference; fileEncoding = 4; lastKnownFileType = sourcecode.c.h; path = GraphPlotterViewController.h; sourceTree = "<group>"; };
		AEBFFFE319F4535E00A1260F /* GraphPlotterViewController.m */ = {isa = PBXFileReference; fileEncoding = 4; lastKnownFileType = sourcecode.c.objc; path = GraphPlotterViewController.m; sourceTree = "<group>"; };
		AEBFFFE419F4535E00A1260F /* Images.xcassets */ = {isa = PBXFileReference; lastKnownFileType = folder.assetcatalog; path = Images.xcassets; sourceTree = "<group>"; };
		AEBFFFE519F4535E00A1260F /* Info.plist */ = {isa = PBXFileReference; fileEncoding = 4; lastKnownFileType = text.plist.xml; path = Info.plist; sourceTree = "<group>"; };
		AEBFFFE619F4535E00A1260F /* LaunchScreen.xib */ = {isa = PBXFileReference; fileEncoding = 4; lastKnownFileType = file.xib; path = LaunchScreen.xib; sourceTree = "<group>"; };
		AEBFFFE719F4535E00A1260F /* main.m */ = {isa = PBXFileReference; fileEncoding = 4; lastKnownFileType = sourcecode.c.objc; path = main.m; sourceTree = "<group>"; };
		AEBFFFE819F4535E00A1260F /* Main.storyboard */ = {isa = PBXFileReference; fileEncoding = 4; lastKnownFileType = file.storyboard; path = Main.storyboard; sourceTree = "<group>"; };
		AEBFFFE919F4535E00A1260F /* OldCircularDataArray.h */ = {isa = PBXFileReference; fileEncoding = 4; lastKnownFileType = sourcecode.c.h; path = OldCircularDataArray.h; sourceTree = "<group>"; };
		AEBFFFEA19F4535E00A1260F /* OldCircularDataArray.m */ = {isa = PBXFileReference; fileEncoding = 4; lastKnownFileType = sourcecode.c.objc; path = OldCircularDataArray.m; sourceTree = "<group>"; };
		AEBFFFEB19F4535E00A1260F /* PlotPageViewController.h */ = {isa = PBXFileReference; fileEncoding = 4; lastKnownFileType = sourcecode.c.h; path = PlotPageViewController.h; sourceTree = "<group>"; };
		AEBFFFEC19F4535E00A1260F /* PlotPageViewController.mm */ = {isa = PBXFileReference; fileEncoding = 4; lastKnownFileType = sourcecode.cpp.objcpp; path = PlotPageViewController.mm; sourceTree = "<group>"; };
		AEBFFFED19F4535E00A1260F /* PlotViewController.h */ = {isa = PBXFileReference; fileEncoding = 4; lastKnownFileType = sourcecode.c.h; path = PlotViewController.h; sourceTree = "<group>"; };
		AEBFFFEE19F4535E00A1260F /* PlotViewController.mm */ = {isa = PBXFileReference; fileEncoding = 4; lastKnownFileType = sourcecode.cpp.objcpp; path = PlotViewController.mm; sourceTree = "<group>"; };
		AEBFFFEF19F4535E00A1260F /* ProjectTabViewController.h */ = {isa = PBXFileReference; fileEncoding = 4; lastKnownFileType = sourcecode.c.h; path = ProjectTabViewController.h; sourceTree = "<group>"; };
		AEBFFFF019F4535E00A1260F /* ProjectTabViewController.mm */ = {isa = PBXFileReference; fileEncoding = 4; lastKnownFileType = sourcecode.cpp.objcpp; path = ProjectTabViewController.mm; sourceTree = "<group>"; };
		AEBFFFF119F4535E00A1260F /* RealTimeGraphView.h */ = {isa = PBXFileReference; fileEncoding = 4; lastKnownFileType = sourcecode.c.h; path = RealTimeGraphView.h; sourceTree = "<group>"; };
		AEBFFFF219F4535E00A1260F /* RealTimeGraphView.m */ = {isa = PBXFileReference; fileEncoding = 4; lastKnownFileType = sourcecode.c.objc; path = RealTimeGraphView.m; sourceTree = "<group>"; };
		AEBFFFF319F4535E00A1260F /* RealTimeGraphViewDataSource.h */ = {isa = PBXFileReference; fileEncoding = 4; lastKnownFileType = sourcecode.c.h; path = RealTimeGraphViewDataSource.h; sourceTree = "<group>"; };
		AEBFFFF419F4535E00A1260F /* SensorConfiguration.h */ = {isa = PBXFileReference; fileEncoding = 4; lastKnownFileType = sourcecode.c.h; path = SensorConfiguration.h; sourceTree = "<group>"; };
		AEBFFFF519F4535E00A1260F /* SensorConfiguration.m */ = {isa = PBXFileReference; fileEncoding = 4; lastKnownFileType = sourcecode.c.objc; path = SensorConfiguration.m; sourceTree = "<group>"; };
		AEBFFFF619F4535E00A1260F /* SensorsViewController.h */ = {isa = PBXFileReference; fileEncoding = 4; lastKnownFileType = sourcecode.c.h; path = SensorsViewController.h; sourceTree = "<group>"; };
		AEBFFFF719F4535E00A1260F /* SensorsViewController.mm */ = {isa = PBXFileReference; fileEncoding = 4; lastKnownFileType = sourcecode.cpp.objcpp; path = SensorsViewController.mm; sourceTree = "<group>"; };
		AEBFFFF819F4535E00A1260F /* ShowProjectsTableViewController.h */ = {isa = PBXFileReference; fileEncoding = 4; lastKnownFileType = sourcecode.c.h; path = ShowProjectsTableViewController.h; sourceTree = "<group>"; };
		AEBFFFF919F4535E00A1260F /* ShowProjectsTableViewController.mm */ = {isa = PBXFileReference; fileEncoding = 4; lastKnownFileType = sourcecode.cpp.objcpp; path = ShowProjectsTableViewController.mm; sourceTree = "<group>"; };
		AEBFFFFA19F4535E00A1260F /* ShowSensorInformationViewController.h */ = {isa = PBXFileReference; fileEncoding = 4; lastKnownFileType = sourcecode.c.h; path = ShowSensorInformationViewController.h; sourceTree = "<group>"; };
		AEBFFFFB19F4535E00A1260F /* ShowSensorInformationViewController.mm */ = {isa = PBXFileReference; fileEncoding = 4; lastKnownFileType = sourcecode.cpp.objcpp; path = ShowSensorInformationViewController.mm; sourceTree = "<group>"; };
		AEE2704E19DDB88800D0950A /* libprotobuf.8.dylib */ = {isa = PBXFileReference; lastKnownFileType = "compiled.mach-o.dylib"; name = libprotobuf.8.dylib; path = ../../sw/protobuf/lib/libprotobuf.8.dylib; sourceTree = "<group>"; };
		AEE2705019DDB90A00D0950A /* libboost_filesystem.dylib */ = {isa = PBXFileReference; lastKnownFileType = "compiled.mach-o.dylib"; name = libboost_filesystem.dylib; path = ../../sw/boost/lib/libboost_filesystem.dylib; sourceTree = "<group>"; };
		AEE2705119DDB90A00D0950A /* libboost_system.dylib */ = {isa = PBXFileReference; lastKnownFileType = "compiled.mach-o.dylib"; name = libboost_system.dylib; path = ../../sw/boost/lib/libboost_system.dylib; sourceTree = "<group>"; };
		AEE2705219DDB90A00D0950A /* libboost_thread.dylib */ = {isa = PBXFileReference; lastKnownFileType = "compiled.mach-o.dylib"; name = libboost_thread.dylib; path = ../../sw/boost/lib/libboost_thread.dylib; sourceTree = "<group>"; };
/* End PBXFileReference section */

/* Begin PBXFrameworksBuildPhase section */
		AE9270B019D8C00A00169D81 /* Frameworks */ = {
			isa = PBXFrameworksBuildPhase;
			buildActionMask = 2147483647;
			files = (
				AEE2705319DDB90A00D0950A /* libboost_filesystem.dylib in Frameworks */,
				AEE2705419DDB90A00D0950A /* libboost_system.dylib in Frameworks */,
				AEE2705519DDB90A00D0950A /* libboost_thread.dylib in Frameworks */,
				AEE2704F19DDB88800D0950A /* libprotobuf.8.dylib in Frameworks */,
			);
			runOnlyForDeploymentPostprocessing = 0;
		};
		AEBFFF9F19F4514C00A1260F /* Frameworks */ = {
			isa = PBXFrameworksBuildPhase;
			buildActionMask = 2147483647;
			files = (
				AEBF001819F4539600A1260F /* libprotobuf.a in Frameworks */,
			);
			runOnlyForDeploymentPostprocessing = 0;
		};
/* End PBXFrameworksBuildPhase section */

/* Begin PBXGroup section */
		AE41CE8019E5343C00C690DE /* OBDII-ELM327 */ = {
			isa = PBXGroup;
			children = (
				AE41CE8219E5343C00C690DE /* obdconfig.h */,
				AE41CE8319E5343C00C690DE /* obdconfigfile.cpp */,
				AE41CE8419E5343C00C690DE /* obdconfigfile.h */,
				AE41CE8519E5343C00C690DE /* obdconvertfunctions.cpp */,
				AE41CE8619E5343C00C690DE /* obdconvertfunctions.h */,
				AE41CE8719E5343C00C690DE /* OBDReader.cpp */,
				AE41CE8819E5343C00C690DE /* OBDReader.h */,
				AE41CE8919E5343C00C690DE /* obdrevconvertfunctions.cpp */,
				AE41CE8A19E5343C00C690DE /* obdserial.cpp */,
				AE41CE8B19E5343C00C690DE /* obdserial.h */,
				AE41CE8C19E5343C00C690DE /* obdservicecommands.cpp */,
				AE41CE8D19E5343C00C690DE /* obdservicecommands.h */,
				AE41CE8E19E5343C00C690DE /* OBDtool.cpp */,
				AE41CE8F19E5343C00C690DE /* ReadMe.txt */,
				AE41CE9019E5343C00C690DE /* supportedcommands.cpp */,
				AE41CE9119E5343C00C690DE /* supportedcommands.h */,
				AE41CE9219E5343C00C690DE /* ToDo-OBDII-Fixes.txt */,
			);
			path = "OBDII-ELM327";
			sourceTree = "<group>";
		};
		AE9270AA19D8C00A00169D81 = {
			isa = PBXGroup;
			children = (
				AEBF001719F4539600A1260F /* libprotobuf.a */,
				AEE2705019DDB90A00D0950A /* libboost_filesystem.dylib */,
				AEE2705119DDB90A00D0950A /* libboost_system.dylib */,
				AEE2705219DDB90A00D0950A /* libboost_thread.dylib */,
				AEE2704E19DDB88800D0950A /* libprotobuf.8.dylib */,
				AEB4F70B19D8C2CF0099EC55 /* protobuf */,
				AEE2705819DDBA3600D0950A /* Resource files */,
				AEB4F6AE19D8C0670099EC55 /* yamsLogd */,
				AEBFFFA319F4514C00A1260F /* yamsClient */,
				AE9270B419D8C00A00169D81 /* Products */,
			);
			sourceTree = "<group>";
		};
		AE9270B419D8C00A00169D81 /* Products */ = {
			isa = PBXGroup;
			children = (
				AE9270B319D8C00A00169D81 /* yamsLog */,
				AEBFFFA219F4514C00A1260F /* yamsClient.app */,
			);
			name = Products;
			sourceTree = "<group>";
		};
		AEB4F6AE19D8C0670099EC55 /* yamsLogd */ = {
			isa = PBXGroup;
			children = (
				AE41CE7D19E5341000C690DE /* SensorDefinitionReader.cpp */,
				AE41CE7E19E5341000C690DE /* SensorDefinitionReader.h */,
				AEB4F6AF19D8C0670099EC55 /* ClientCallbackImpl.cpp */,
				AEB4F6B019D8C0670099EC55 /* ClientCallbackImpl.h */,
				AEB4F6B119D8C0670099EC55 /* ClientConnection.cpp */,
				AEB4F6B219D8C0670099EC55 /* ClientConnection.h */,
				AEB4F6B319D8C0670099EC55 /* CommunicationServer.cpp */,
				AEB4F6B419D8C0670099EC55 /* CommunicationServer.h */,
				AEB4F6B519D8C0670099EC55 /* DataLogger.cpp */,
				AEB4F6B619D8C0670099EC55 /* DataLogger.h */,
				AEB4F6B719D8C0670099EC55 /* Experiment.cpp */,
				AEB4F6B819D8C0670099EC55 /* Experiment.h */,
				AEB4F6B919D8C0670099EC55 /* FileSysTest.cpp */,
				AEB4F6BA19D8C0670099EC55 /* Main.cpp */,
				AEB4F6BB19D8C0670099EC55 /* ModificationCallbackImpl.cpp */,
				AEB4F6BC19D8C0670099EC55 /* ModificationCallbackImpl.h */,
				AEB4F6BD19D8C0670099EC55 /* Project.cpp */,
				AEB4F6BE19D8C0670099EC55 /* Project.h */,
				AEB4F6BF19D8C0670099EC55 /* ProjectHandler.cpp */,
				AEB4F6C019D8C0670099EC55 /* ProjectHandler.h */,
				AEB4F6C119D8C0670099EC55 /* ProjectHandlerConstants.h */,
				AEB4F6C219D8C0670099EC55 /* ProjectHandlerErrorCodes.h */,
				AEB4F6C519D8C0670099EC55 /* sensors */,
				AEB4F6DA19D8C0670099EC55 /* services */,
				AEB4F6E819D8C0670099EC55 /* StatusObserver.cpp */,
				AEB4F6E919D8C0670099EC55 /* StatusObserver.h */,
				AEB4F6EA19D8C0670099EC55 /* ThreadSafeFifo.h */,
			);
			name = yamsLogd;
			path = server/yamsLogd/src;
			sourceTree = "<group>";
		};
		AEB4F6C519D8C0670099EC55 /* sensors */ = {
			isa = PBXGroup;
			children = (
				AE41CE8019E5343C00C690DE /* OBDII-ELM327 */,
				AE41CE9319E5343C00C690DE /* OBDIIElmSensor.cpp */,
				AE41CE9419E5343C00C690DE /* OBDIIElmSensor.h */,
				AEB4F6C619D8C0670099EC55 /* AbstractSensor.cpp */,
				AEB4F6C719D8C0670099EC55 /* AbstractSensor.h */,
				AEB4F6C819D8C0670099EC55 /* CAN.cpp */,
				AEB4F6C919D8C0670099EC55 /* CAN.h */,
				AEB4F6CA19D8C0670099EC55 /* CanSensor.cpp */,
				AEB4F6CB19D8C0670099EC55 /* CanSensor.h */,
				AEB4F6CC19D8C0670099EC55 /* CorrsysSensor.cpp */,
				AEB4F6CD19D8C0670099EC55 /* CorrsysSensor.h */,
				AEB4F6CE19D8C0670099EC55 /* GpsSensor.cpp */,
				AEB4F6CF19D8C0670099EC55 /* GpsSensor.h */,
				AEB4F6D019D8C0670099EC55 /* ImuSensor.cpp */,
				AEB4F6D119D8C0670099EC55 /* ImuSensor.h */,
				AEB4F6D219D8C0670099EC55 /* MTComm.cpp */,
				AEB4F6D319D8C0670099EC55 /* MTComm.h */,
				AEB4F6D419D8C0670099EC55 /* SerialPortLib.cpp */,
				AEB4F6D519D8C0670099EC55 /* SerialPortLib.h */,
				AEB4F6D619D8C0670099EC55 /* VirtualSensor.cpp */,
				AEB4F6D719D8C0670099EC55 /* VirtualSensor.h */,
				AEB4F6D819D8C0670099EC55 /* XSensIMU.cpp */,
				AEB4F6D919D8C0670099EC55 /* XSensIMU.h */,
			);
			path = sensors;
			sourceTree = "<group>";
		};
		AEB4F6DA19D8C0670099EC55 /* services */ = {
			isa = PBXGroup;
			children = (
				AEB4F6DB19D8C0670099EC55 /* AbstractService.cpp */,
				AEB4F6DC19D8C0670099EC55 /* AbstractService.h */,
				AEB4F6DD19D8C0670099EC55 /* CommunicationServerService.cpp */,
				AEB4F6DE19D8C0670099EC55 /* CommunicationServerService.h */,
				AEB4F6DF19D8C0670099EC55 /* KeyboardInputService.cpp */,
				AEB4F6E019D8C0670099EC55 /* KeyboardInputService.h */,
				AEB4F6E119D8C0670099EC55 /* OutputServiceConstants.h */,
				AEB4F6E219D8C0670099EC55 /* ProtobufFileOutputService.cpp */,
				AEB4F6E319D8C0670099EC55 /* ProtobufFileOutputService.h */,
				AEB4F6E419D8C0670099EC55 /* ProtobufTcpOutputService.cpp */,
				AEB4F6E519D8C0670099EC55 /* ProtobufTcpOutputService.h */,
				AEB4F6E619D8C0670099EC55 /* TextFileOutputService.cpp */,
				AEB4F6E719D8C0670099EC55 /* TextFileOutputService.h */,
			);
			path = services;
			sourceTree = "<group>";
		};
		AEB4F70B19D8C2CF0099EC55 /* protobuf */ = {
			isa = PBXGroup;
			children = (
				AEB4F70719D8C2C80099EC55 /* protocol.pb.cc */,
				AEB4F70819D8C2C80099EC55 /* protocol.pb.h */,
				AEB4F70919D8C2C80099EC55 /* protocol.proto */,
			);
			name = protobuf;
			sourceTree = "<group>";
		};
		AEBF001A19F4544D00A1260F /* Supporting Files */ = {
			isa = PBXGroup;
			children = (
				AEBFFFCB19F4535E00A1260F /* AppDelegate.h */,
				AEBFFFCC19F4535E00A1260F /* AppDelegate.m */,
				AEBFFFE519F4535E00A1260F /* Info.plist */,
				AEBFFFE719F4535E00A1260F /* main.m */,
			);
			name = "Supporting Files";
			sourceTree = "<group>";
		};
		AEBF001B19F4545E00A1260F /* TCP Async */ = {
			isa = PBXGroup;
			children = (
				AEBFFFE019F4535E00A1260F /* GCDAsyncSocket.h */,
				AEBFFFE119F4535E00A1260F /* GCDAsyncSocket.m */,
			);
			name = "TCP Async";
			sourceTree = "<group>";
		};
		AEBF001C19F4546700A1260F /* Controllers */ = {
			isa = PBXGroup;
			children = (
				AEBF002119F454E400A1260F /* Graph Plotter */,
				AEBF002019F454D800A1260F /* Connection Controller */,
				AEBF001F19F454CF00A1260F /* Project Tab */,
				AEBF001E19F454BA00A1260F /* Show Projects */,
			);
			name = Controllers;
			sourceTree = "<group>";
		};
		AEBF001D19F4547400A1260F /* Model */ = {
			isa = PBXGroup;
			children = (
				AEBFFFD319F4535E00A1260F /* CircularDataArray.h */,
				AEBFFFD419F4535E00A1260F /* CircularDataArray.m */,
				AEBFFFD519F4535E00A1260F /* CommunicationCentral.h */,
				AEBFFFD619F4535E00A1260F /* CommunicationCentral.mm */,
				AEBFFFD719F4535E00A1260F /* CommunicationCentralDelegate.h */,
				AEBFFFD819F4535E00A1260F /* ConnectionClient.h */,
				AEBFFFD919F4535E00A1260F /* ConnectionClient.mm */,
				AEBFFFDC19F4535E00A1260F /* DataPoint.h */,
				AEBFFFDD19F4535E00A1260F /* DataPoint.m */,
				AEBFFFF419F4535E00A1260F /* SensorConfiguration.h */,
				AEBFFFF519F4535E00A1260F /* SensorConfiguration.m */,
			);
			name = Model;
			sourceTree = "<group>";
		};
		AEBF001E19F454BA00A1260F /* Show Projects */ = {
			isa = PBXGroup;
			children = (
				AEBFFFDA19F4535E00A1260F /* CreateProjectViewController.h */,
				AEBFFFDB19F4535E00A1260F /* CreateProjectViewController.m */,
				AEBFFFF819F4535E00A1260F /* ShowProjectsTableViewController.h */,
				AEBFFFF919F4535E00A1260F /* ShowProjectsTableViewController.mm */,
			);
			name = "Show Projects";
			sourceTree = "<group>";
		};
		AEBF001F19F454CF00A1260F /* Project Tab */ = {
			isa = PBXGroup;
			children = (
				AEBFFFEF19F4535E00A1260F /* ProjectTabViewController.h */,
				AEBFFFF019F4535E00A1260F /* ProjectTabViewController.mm */,
				AEBF002719F4558400A1260F /* Sensors */,
				AEBF002619F4557F00A1260F /* Plot */,
				AEBF002519F4557400A1260F /* Dynamic Events */,
			);
			name = "Project Tab";
			sourceTree = "<group>";
		};
		AEBF002019F454D800A1260F /* Connection Controller */ = {
			isa = PBXGroup;
			children = (
				AEBFFFCF19F4535E00A1260F /* CDMiniClientViewController.h */,
				AEBFFFD019F4535E00A1260F /* CDMiniClientViewController.mm */,
			);
			name = "Connection Controller";
			sourceTree = "<group>";
		};
		AEBF002119F454E400A1260F /* Graph Plotter */ = {
			isa = PBXGroup;
			children = (
				AEBF002419F4550400A1260F /* Model */,
				AEBF002319F454FE00A1260F /* View */,
				AEBF002219F454F000A1260F /* Controller */,
			);
			name = "Graph Plotter";
			sourceTree = "<group>";
		};
		AEBF002219F454F000A1260F /* Controller */ = {
			isa = PBXGroup;
			children = (
				AEBFFFE219F4535E00A1260F /* GraphPlotterViewController.h */,
				AEBFFFE319F4535E00A1260F /* GraphPlotterViewController.m */,
			);
			name = Controller;
			sourceTree = "<group>";
		};
		AEBF002319F454FE00A1260F /* View */ = {
			isa = PBXGroup;
			children = (
				AEBFFFCD19F4535E00A1260F /* AxisLimits.h */,
				AEBFFFCE19F4535E00A1260F /* AxisLimits.m */,
				AEBFFFF119F4535E00A1260F /* RealTimeGraphView.h */,
				AEBFFFF219F4535E00A1260F /* RealTimeGraphView.m */,
				AEBFFFF319F4535E00A1260F /* RealTimeGraphViewDataSource.h */,
			);
			name = View;
			sourceTree = "<group>";
		};
		AEBF002419F4550400A1260F /* Model */ = {
			isa = PBXGroup;
			children = (
				AEBFFFE919F4535E00A1260F /* OldCircularDataArray.h */,
				AEBFFFEA19F4535E00A1260F /* OldCircularDataArray.m */,
			);
			name = Model;
			sourceTree = "<group>";
		};
		AEBF002519F4557400A1260F /* Dynamic Events */ = {
			isa = PBXGroup;
			children = (
				AEBFFFDE19F4535E00A1260F /* DynamicEventsViewController.h */,
				AEBFFFDF19F4535E00A1260F /* DynamicEventsViewController.mm */,
			);
			name = "Dynamic Events";
			sourceTree = "<group>";
		};
		AEBF002619F4557F00A1260F /* Plot */ = {
			isa = PBXGroup;
			children = (
				AEBFFFC919F4535E00A1260F /* AddPlotViewController.h */,
				AEBFFFCA19F4535E00A1260F /* AddPlotViewController.mm */,
				AEBFFFD119F4535E00A1260F /* ChooseAttributesViewController.h */,
				AEBFFFD219F4535E00A1260F /* ChooseAttributesViewController.mm */,
				AEBFFFEB19F4535E00A1260F /* PlotPageViewController.h */,
				AEBFFFEC19F4535E00A1260F /* PlotPageViewController.mm */,
				AEBFFFED19F4535E00A1260F /* PlotViewController.h */,
				AEBFFFEE19F4535E00A1260F /* PlotViewController.mm */,
			);
			name = Plot;
			sourceTree = "<group>";
		};
		AEBF002719F4558400A1260F /* Sensors */ = {
			isa = PBXGroup;
			children = (
				AEBFFFFA19F4535E00A1260F /* ShowSensorInformationViewController.h */,
				AEBFFFFB19F4535E00A1260F /* ShowSensorInformationViewController.mm */,
				AEBFFFF619F4535E00A1260F /* SensorsViewController.h */,
				AEBFFFF719F4535E00A1260F /* SensorsViewController.mm */,
			);
			name = Sensors;
			sourceTree = "<group>";
		};
		AEBFFFA319F4514C00A1260F /* yamsClient */ = {
			isa = PBXGroup;
			children = (
				AEBFFFE619F4535E00A1260F /* LaunchScreen.xib */,
				AEBFFFE819F4535E00A1260F /* Main.storyboard */,
				AEBF001D19F4547400A1260F /* Model */,
				AEBF001C19F4546700A1260F /* Controllers */,
				AEBF001B19F4545E00A1260F /* TCP Async */,
				AEBF001A19F4544D00A1260F /* Supporting Files */,
				AEBFFFE419F4535E00A1260F /* Images.xcassets */,
			);
			name = yamsClient;
			path = clients/iOS;
			sourceTree = "<group>";
		};
		AEE2705819DDBA3600D0950A /* Resource files */ = {
			isa = PBXGroup;
			children = (
				AE41CE9E19E5357800C690DE /* port_config.conf */,
				AE41CE9F19E5357800C690DE /* sensor_definitions.conf */,
			);
			name = "Resource files";
			path = server/yamsLogd/src;
			sourceTree = "<group>";
		};
/* End PBXGroup section */

/* Begin PBXNativeTarget section */
		AE9270B219D8C00A00169D81 /* yamsLog */ = {
			isa = PBXNativeTarget;
			buildConfigurationList = AE9270BA19D8C00A00169D81 /* Build configuration list for PBXNativeTarget "yamsLog" */;
			buildPhases = (
				AE9270AF19D8C00A00169D81 /* Sources */,
				AE9270B019D8C00A00169D81 /* Frameworks */,
				AE9270B119D8C00A00169D81 /* CopyFiles */,
			);
			buildRules = (
			);
			dependencies = (
			);
			name = yamsLog;
			productName = yamsLogd;
			productReference = AE9270B319D8C00A00169D81 /* yamsLog */;
			productType = "com.apple.product-type.tool";
		};
		AEBFFFA119F4514C00A1260F /* yamsClient */ = {
			isa = PBXNativeTarget;
			buildConfigurationList = AEBFFFC619F4514D00A1260F /* Build configuration list for PBXNativeTarget "yamsClient" */;
			buildPhases = (
				AEBFFF9E19F4514C00A1260F /* Sources */,
				AEBFFF9F19F4514C00A1260F /* Frameworks */,
				AEBFFFA019F4514C00A1260F /* Resources */,
			);
			buildRules = (
			);
			dependencies = (
			);
			name = yamsClient;
			productName = yamsClient;
			productReference = AEBFFFA219F4514C00A1260F /* yamsClient.app */;
			productType = "com.apple.product-type.application";
		};
/* End PBXNativeTarget section */

/* Begin PBXProject section */
		AE9270AB19D8C00A00169D81 /* Project object */ = {
			isa = PBXProject;
			attributes = {
				LastUpgradeCheck = 0600;
				ORGANIZATIONNAME = "Linköping University";
				TargetAttributes = {
					AE9270B219D8C00A00169D81 = {
						CreatedOnToolsVersion = 6.0.1;
					};
					AEBFFFA119F4514C00A1260F = {
						CreatedOnToolsVersion = 6.0.1;
					};
				};
			};
			buildConfigurationList = AE9270AE19D8C00A00169D81 /* Build configuration list for PBXProject "yamsLog" */;
			compatibilityVersion = "Xcode 3.2";
			developmentRegion = English;
			hasScannedForEncodings = 0;
			knownRegions = (
				en,
				Base,
			);
			mainGroup = AE9270AA19D8C00A00169D81;
			productRefGroup = AE9270B419D8C00A00169D81 /* Products */;
			projectDirPath = "";
			projectRoot = "";
			targets = (
				AE9270B219D8C00A00169D81 /* yamsLog */,
				AEBFFFA119F4514C00A1260F /* yamsClient */,
			);
		};
/* End PBXProject section */

/* Begin PBXResourcesBuildPhase section */
		AEBFFFA019F4514C00A1260F /* Resources */ = {
			isa = PBXResourcesBuildPhase;
			buildActionMask = 2147483647;
			files = (
				AEBF000A19F4535E00A1260F /* Info.plist in Resources */,
				AEBF000B19F4535E00A1260F /* LaunchScreen.xib in Resources */,
				AEBF000919F4535E00A1260F /* Images.xcassets in Resources */,
				AEBF000D19F4535E00A1260F /* Main.storyboard in Resources */,
			);
			runOnlyForDeploymentPostprocessing = 0;
		};
/* End PBXResourcesBuildPhase section */

/* Begin PBXSourcesBuildPhase section */
		AE9270AF19D8C00A00169D81 /* Sources */ = {
			isa = PBXSourcesBuildPhase;
			buildActionMask = 2147483647;
			files = (
				AEB4F6F419D8C0670099EC55 /* ProjectHandler.cpp in Sources */,
				AEB4F70519D8C0670099EC55 /* TextFileOutputService.cpp in Sources */,
				AEB4F70419D8C0670099EC55 /* ProtobufTcpOutputService.cpp in Sources */,
				AEB4F70319D8C0670099EC55 /* ProtobufFileOutputService.cpp in Sources */,
				AEB4F70219D8C0670099EC55 /* KeyboardInputService.cpp in Sources */,
				AEB4F6F319D8C0670099EC55 /* Project.cpp in Sources */,
				AEB4F6EC19D8C0670099EC55 /* ClientConnection.cpp in Sources */,
				AEB4F70019D8C0670099EC55 /* AbstractService.cpp in Sources */,
				AEB4F6F119D8C0670099EC55 /* Main.cpp in Sources */,
				AE41CE9919E5343C00C690DE /* obdserial.cpp in Sources */,
				AEB4F6F219D8C0670099EC55 /* ModificationCallbackImpl.cpp in Sources */,
				AEB4F6FE19D8C0670099EC55 /* VirtualSensor.cpp in Sources */,
				AEB4F6F619D8C0670099EC55 /* AbstractSensor.cpp in Sources */,
				AEB4F6FD19D8C0670099EC55 /* SerialPortLib.cpp in Sources */,
				AEB4F6EE19D8C0670099EC55 /* DataLogger.cpp in Sources */,
				AEB4F70A19D8C2C80099EC55 /* protocol.pb.cc in Sources */,
				AEB4F6ED19D8C0670099EC55 /* CommunicationServer.cpp in Sources */,
				AE41CE7C19E52F9400C690DE /* Experiment.cpp in Sources */,
				AEB4F70619D8C0670099EC55 /* StatusObserver.cpp in Sources */,
				AE41CE7F19E5341000C690DE /* SensorDefinitionReader.cpp in Sources */,
				AEB4F6EB19D8C0670099EC55 /* ClientCallbackImpl.cpp in Sources */,
				AEB4F70119D8C0670099EC55 /* CommunicationServerService.cpp in Sources */,
			);
			runOnlyForDeploymentPostprocessing = 0;
		};
		AEBFFF9E19F4514C00A1260F /* Sources */ = {
			isa = PBXSourcesBuildPhase;
			buildActionMask = 2147483647;
			files = (
				AEBF001619F4535E00A1260F /* ShowSensorInformationViewController.mm in Sources */,
				AEBF001419F4535E00A1260F /* SensorsViewController.mm in Sources */,
				AEBF000719F4535E00A1260F /* GCDAsyncSocket.m in Sources */,
				AEBF000619F4535E00A1260F /* DynamicEventsViewController.mm in Sources */,
				AEBF000519F4535E00A1260F /* DataPoint.m in Sources */,
				AEBF000119F4535E00A1260F /* CircularDataArray.m in Sources */,
				AEBF001119F4535E00A1260F /* ProjectTabViewController.mm in Sources */,
				AEBF000419F4535E00A1260F /* CreateProjectViewController.m in Sources */,
				AEBF001319F4535E00A1260F /* SensorConfiguration.m in Sources */,
				AEBF001219F4535E00A1260F /* RealTimeGraphView.m in Sources */,
				AEBF000019F4535E00A1260F /* ChooseAttributesViewController.mm in Sources */,
				AEBF000E19F4535E00A1260F /* OldCircularDataArray.m in Sources */,
				AEBF000319F4535E00A1260F /* ConnectionClient.mm in Sources */,
				AEBF001519F4535E00A1260F /* ShowProjectsTableViewController.mm in Sources */,
				AEBFFFFD19F4535E00A1260F /* AppDelegate.m in Sources */,
				AEBF000219F4535E00A1260F /* CommunicationCentral.mm in Sources */,
				AEBF000819F4535E00A1260F /* GraphPlotterViewController.m in Sources */,
				AEBFFFFC19F4535E00A1260F /* AddPlotViewController.mm in Sources */,
				AEBF000F19F4535E00A1260F /* PlotPageViewController.mm in Sources */,
				AEBF001019F4535E00A1260F /* PlotViewController.mm in Sources */,
				AEBF001919F453AD00A1260F /* protocol.pb.cc in Sources */,
				AEBFFFFE19F4535E00A1260F /* AxisLimits.m in Sources */,
				AEBF000C19F4535E00A1260F /* main.m in Sources */,
				AEBFFFFF19F4535E00A1260F /* CDMiniClientViewController.mm in Sources */,
			);
			runOnlyForDeploymentPostprocessing = 0;
		};
/* End PBXSourcesBuildPhase section */

/* Begin XCBuildConfiguration section */
		AE9270B819D8C00A00169D81 /* Debug */ = {
			isa = XCBuildConfiguration;
			buildSettings = {
				ALWAYS_SEARCH_USER_PATHS = NO;
				CLANG_CXX_LANGUAGE_STANDARD = "gnu++0x";
				CLANG_CXX_LIBRARY = "libc++";
				CLANG_ENABLE_MODULES = YES;
				CLANG_ENABLE_OBJC_ARC = YES;
				CLANG_WARN_BOOL_CONVERSION = YES;
				CLANG_WARN_CONSTANT_CONVERSION = YES;
				CLANG_WARN_DIRECT_OBJC_ISA_USAGE = YES_ERROR;
				CLANG_WARN_EMPTY_BODY = YES;
				CLANG_WARN_ENUM_CONVERSION = YES;
				CLANG_WARN_INT_CONVERSION = YES;
				CLANG_WARN_OBJC_ROOT_CLASS = YES_ERROR;
				CLANG_WARN_UNREACHABLE_CODE = YES;
				CLANG_WARN__DUPLICATE_METHOD_MATCH = YES;
				COPY_PHASE_STRIP = NO;
				ENABLE_STRICT_OBJC_MSGSEND = YES;
				GCC_C_LANGUAGE_STANDARD = gnu99;
				GCC_DYNAMIC_NO_PIC = NO;
				GCC_OPTIMIZATION_LEVEL = 0;
				GCC_PREPROCESSOR_DEFINITIONS = (
					"DEBUG=1",
					"$(inherited)",
				);
				GCC_SYMBOLS_PRIVATE_EXTERN = NO;
				GCC_WARN_64_TO_32_BIT_CONVERSION = NO;
				GCC_WARN_ABOUT_RETURN_TYPE = YES_ERROR;
				GCC_WARN_UNDECLARED_SELECTOR = YES;
				GCC_WARN_UNINITIALIZED_AUTOS = YES_AGGRESSIVE;
				GCC_WARN_UNUSED_FUNCTION = YES;
				GCC_WARN_UNUSED_VARIABLE = YES;
				HEADER_SEARCH_PATHS = (
					"$(inherited)",
					/Applications/Xcode.app/Contents/Developer/Toolchains/XcodeDefault.xctoolchain/usr/include,
					"$(SOURCE_ROOT)/server/yamsLogd/src/",
				);
				MACOSX_DEPLOYMENT_TARGET = 10.9;
				MTL_ENABLE_DEBUG_INFO = YES;
				ONLY_ACTIVE_ARCH = YES;
				SDKROOT = macosx;
			};
			name = Debug;
		};
		AE9270B919D8C00A00169D81 /* Release */ = {
			isa = XCBuildConfiguration;
			buildSettings = {
				ALWAYS_SEARCH_USER_PATHS = NO;
				CLANG_CXX_LANGUAGE_STANDARD = "gnu++0x";
				CLANG_CXX_LIBRARY = "libc++";
				CLANG_ENABLE_MODULES = YES;
				CLANG_ENABLE_OBJC_ARC = YES;
				CLANG_WARN_BOOL_CONVERSION = YES;
				CLANG_WARN_CONSTANT_CONVERSION = YES;
				CLANG_WARN_DIRECT_OBJC_ISA_USAGE = YES_ERROR;
				CLANG_WARN_EMPTY_BODY = YES;
				CLANG_WARN_ENUM_CONVERSION = YES;
				CLANG_WARN_INT_CONVERSION = YES;
				CLANG_WARN_OBJC_ROOT_CLASS = YES_ERROR;
				CLANG_WARN_UNREACHABLE_CODE = YES;
				CLANG_WARN__DUPLICATE_METHOD_MATCH = YES;
				COPY_PHASE_STRIP = YES;
				DEBUG_INFORMATION_FORMAT = "dwarf-with-dsym";
				ENABLE_NS_ASSERTIONS = NO;
				ENABLE_STRICT_OBJC_MSGSEND = YES;
				GCC_C_LANGUAGE_STANDARD = gnu99;
				GCC_WARN_64_TO_32_BIT_CONVERSION = NO;
				GCC_WARN_ABOUT_RETURN_TYPE = YES_ERROR;
				GCC_WARN_UNDECLARED_SELECTOR = YES;
				GCC_WARN_UNINITIALIZED_AUTOS = YES_AGGRESSIVE;
				GCC_WARN_UNUSED_FUNCTION = YES;
				GCC_WARN_UNUSED_VARIABLE = YES;
				HEADER_SEARCH_PATHS = (
					"$(inherited)",
					/Applications/Xcode.app/Contents/Developer/Toolchains/XcodeDefault.xctoolchain/usr/include,
					"$(SOURCE_ROOT)/server/yamsLogd/src/",
				);
				MACOSX_DEPLOYMENT_TARGET = 10.9;
				MTL_ENABLE_DEBUG_INFO = NO;
				SDKROOT = macosx;
			};
			name = Release;
		};
		AE9270BB19D8C00A00169D81 /* Debug */ = {
			isa = XCBuildConfiguration;
			buildSettings = {
				HEADER_SEARCH_PATHS = (
					"$(inherited)",
					/Applications/Xcode.app/Contents/Developer/Toolchains/XcodeDefault.xctoolchain/usr/include,
					/Users/frisk/sw/boost/include/,
					/Users/frisk/sw/protobuf/include/,
				);
				LIBRARY_SEARCH_PATHS = (
					/Users/frisk/sw/boost/lib,
					/Users/frisk/sw/protobuf/lib,
				);
				PRODUCT_NAME = yamsLog;
			};
			name = Debug;
		};
		AE9270BC19D8C00A00169D81 /* Release */ = {
			isa = XCBuildConfiguration;
			buildSettings = {
				HEADER_SEARCH_PATHS = (
					"$(inherited)",
					/Applications/Xcode.app/Contents/Developer/Toolchains/XcodeDefault.xctoolchain/usr/include,
					/Users/frisk/sw/boost/include/,
					/Users/frisk/sw/protobuf/include/,
				);
				LIBRARY_SEARCH_PATHS = (
					/Users/frisk/sw/boost/lib,
					/Users/frisk/sw/protobuf/lib,
				);
				PRODUCT_NAME = yamsLog;
			};
			name = Release;
		};
		AEBFFFC219F4514D00A1260F /* Debug */ = {
			isa = XCBuildConfiguration;
			buildSettings = {
				ASSETCATALOG_COMPILER_APPICON_NAME = AppIcon;
				"CODE_SIGN_IDENTITY[sdk=iphoneos*]" = "iPhone Developer";
				GCC_PREPROCESSOR_DEFINITIONS = (
					"DEBUG=1",
					"$(inherited)",
				);
				GCC_WARN_64_TO_32_BIT_CONVERSION = YES;
				HEADER_SEARCH_PATHS = (
					"$(inherited)",
					/Applications/Xcode.app/Contents/Developer/Toolchains/XcodeDefault.xctoolchain/usr/include,
					"$(SOURCE_ROOT)/server/yamsLogd/src/",
					/Users/frisk/sw/protobuf/include/,
				);
				INFOPLIST_FILE = clients/iOS/Info.plist;
				IPHONEOS_DEPLOYMENT_TARGET = 8.0;
				LD_RUNPATH_SEARCH_PATHS = "$(inherited) @executable_path/Frameworks";
				LIBRARY_SEARCH_PATHS = (
					"$(inherited)",
					/Users/frisk/sw/protobuf/lib/iOS,
				);
				PRODUCT_NAME = "$(TARGET_NAME)";
				SDKROOT = iphoneos;
			};
			name = Debug;
		};
		AEBFFFC319F4514D00A1260F /* Release */ = {
			isa = XCBuildConfiguration;
			buildSettings = {
				ASSETCATALOG_COMPILER_APPICON_NAME = AppIcon;
				"CODE_SIGN_IDENTITY[sdk=iphoneos*]" = "iPhone Developer";
				GCC_WARN_64_TO_32_BIT_CONVERSION = YES;
				HEADER_SEARCH_PATHS = (
					"$(inherited)",
					/Applications/Xcode.app/Contents/Developer/Toolchains/XcodeDefault.xctoolchain/usr/include,
					"$(SOURCE_ROOT)/server/yamsLogd/src/",
					/Users/frisk/sw/protobuf/include/,
				);
				INFOPLIST_FILE = clients/iOS/Info.plist;
				IPHONEOS_DEPLOYMENT_TARGET = 8.0;
				LD_RUNPATH_SEARCH_PATHS = "$(inherited) @executable_path/Frameworks";
				LIBRARY_SEARCH_PATHS = (
					"$(inherited)",
					/Users/frisk/sw/protobuf/lib/iOS,
				);
				PRODUCT_NAME = "$(TARGET_NAME)";
				SDKROOT = iphoneos;
				VALIDATE_PRODUCT = YES;
			};
			name = Release;
		};
/* End XCBuildConfiguration section */

/* Begin XCConfigurationList section */
		AE9270AE19D8C00A00169D81 /* Build configuration list for PBXProject "yamsLog" */ = {
			isa = XCConfigurationList;
			buildConfigurations = (
				AE9270B819D8C00A00169D81 /* Debug */,
				AE9270B919D8C00A00169D81 /* Release */,
			);
			defaultConfigurationIsVisible = 0;
			defaultConfigurationName = Release;
		};
		AE9270BA19D8C00A00169D81 /* Build configuration list for PBXNativeTarget "yamsLog" */ = {
			isa = XCConfigurationList;
			buildConfigurations = (
				AE9270BB19D8C00A00169D81 /* Debug */,
				AE9270BC19D8C00A00169D81 /* Release */,
			);
			defaultConfigurationIsVisible = 0;
			defaultConfigurationName = Release;
		};
		AEBFFFC619F4514D00A1260F /* Build configuration list for PBXNativeTarget "yamsClient" */ = {
			isa = XCConfigurationList;
			buildConfigurations = (
				AEBFFFC219F4514D00A1260F /* Debug */,
				AEBFFFC319F4514D00A1260F /* Release */,
			);
			defaultConfigurationIsVisible = 0;
		};
/* End XCConfigurationList section */
	};
	rootObject = AE9270AB19D8C00A00169D81 /* Project object */;
}
